
Microsoft Visual Studio Solution File, Format Version 12.00
# Visual Studio 14
VisualStudioVersion = 14.0.25420.1
MinimumVisualStudioVersion = 10.0.40219.1
Project("{FAE04EC0-301F-11D3-BF4B-00C04F79EFBC}") = "LanguageApp.Droid", "LanguageApp\LanguageApp.Droid\LanguageApp.Droid.csproj", "{DF494CA1-34AE-442A-9356-38354BDE4C7C}"
EndProject
Project("{FAE04EC0-301F-11D3-BF4B-00C04F79EFBC}") = "LanguageApp.iOS", "LanguageApp\LanguageApp.iOS\LanguageApp.iOS.csproj", "{7C8D7B7A-1086-4E97-A7A0-2005280F792C}"
EndProject
Project("{FAE04EC0-301F-11D3-BF4B-00C04F79EFBC}") = "LanguageApp", "LanguageApp\LanguageApp\LanguageApp.csproj", "{D46CDDD8-B8C0-46B3-BC67-FF8050BDEF05}"
EndProject
Project("{FAE04EC0-301F-11D3-BF4B-00C04F79EFBC}") = "UnitTestDatabaseClasses", "UnitTestDatabaseClasses\UnitTestDatabaseClasses.csproj", "{486977C4-C008-4E37-9401-68413D56B3A5}"
EndProject
Global
	GlobalSection(SolutionConfigurationPlatforms) = preSolution
		Ad-Hoc|Any CPU = Ad-Hoc|Any CPU
		Ad-Hoc|iPhone = Ad-Hoc|iPhone
		Ad-Hoc|iPhoneSimulator = Ad-Hoc|iPhoneSimulator
		AppStore|Any CPU = AppStore|Any CPU
		AppStore|iPhone = AppStore|iPhone
		AppStore|iPhoneSimulator = AppStore|iPhoneSimulator
		Debug|Any CPU = Debug|Any CPU
		Debug|iPhone = Debug|iPhone
		Debug|iPhoneSimulator = Debug|iPhoneSimulator
		Release|Any CPU = Release|Any CPU
		Release|iPhone = Release|iPhone
		Release|iPhoneSimulator = Release|iPhoneSimulator
	EndGlobalSection
	GlobalSection(ProjectConfigurationPlatforms) = postSolution
		{DF494CA1-34AE-442A-9356-38354BDE4C7C}.Ad-Hoc|Any CPU.ActiveCfg = Release|Any CPU
		{DF494CA1-34AE-442A-9356-38354BDE4C7C}.Ad-Hoc|Any CPU.Build.0 = Release|Any CPU
		{DF494CA1-34AE-442A-9356-38354BDE4C7C}.Ad-Hoc|Any CPU.Deploy.0 = Release|Any CPU
		{DF494CA1-34AE-442A-9356-38354BDE4C7C}.Ad-Hoc|iPhone.ActiveCfg = Release|Any CPU
		{DF494CA1-34AE-442A-9356-38354BDE4C7C}.Ad-Hoc|iPhone.Build.0 = Release|Any CPU
		{DF494CA1-34AE-442A-9356-38354BDE4C7C}.Ad-Hoc|iPhone.Deploy.0 = Release|Any CPU
		{DF494CA1-34AE-442A-9356-38354BDE4C7C}.Ad-Hoc|iPhoneSimulator.ActiveCfg = Release|Any CPU
		{DF494CA1-34AE-442A-9356-38354BDE4C7C}.Ad-Hoc|iPhoneSimulator.Build.0 = Release|Any CPU
		{DF494CA1-34AE-442A-9356-38354BDE4C7C}.Ad-Hoc|iPhoneSimulator.Deploy.0 = Release|Any CPU
		{DF494CA1-34AE-442A-9356-38354BDE4C7C}.AppStore|Any CPU.ActiveCfg = Release|Any CPU
		{DF494CA1-34AE-442A-9356-38354BDE4C7C}.AppStore|Any CPU.Build.0 = Release|Any CPU
		{DF494CA1-34AE-442A-9356-38354BDE4C7C}.AppStore|Any CPU.Deploy.0 = Release|Any CPU
		{DF494CA1-34AE-442A-9356-38354BDE4C7C}.AppStore|iPhone.ActiveCfg = Release|Any CPU
		{DF494CA1-34AE-442A-9356-38354BDE4C7C}.AppStore|iPhone.Build.0 = Release|Any CPU
		{DF494CA1-34AE-442A-9356-38354BDE4C7C}.AppStore|iPhone.Deploy.0 = Release|Any CPU
		{DF494CA1-34AE-442A-9356-38354BDE4C7C}.AppStore|iPhoneSimulator.ActiveCfg = Release|Any CPU
		{DF494CA1-34AE-442A-9356-38354BDE4C7C}.AppStore|iPhoneSimulator.Build.0 = Release|Any CPU
		{DF494CA1-34AE-442A-9356-38354BDE4C7C}.AppStore|iPhoneSimulator.Deploy.0 = Release|Any CPU
		{DF494CA1-34AE-442A-9356-38354BDE4C7C}.Debug|Any CPU.ActiveCfg = Debug|Any CPU
		{DF494CA1-34AE-442A-9356-38354BDE4C7C}.Debug|Any CPU.Build.0 = Debug|Any CPU
		{DF494CA1-34AE-442A-9356-38354BDE4C7C}.Debug|Any CPU.Deploy.0 = Debug|Any CPU
		{DF494CA1-34AE-442A-9356-38354BDE4C7C}.Debug|iPhone.ActiveCfg = Debug|Any CPU
		{DF494CA1-34AE-442A-9356-38354BDE4C7C}.Debug|iPhone.Build.0 = Debug|Any CPU
		{DF494CA1-34AE-442A-9356-38354BDE4C7C}.Debug|iPhone.Deploy.0 = Debug|Any CPU
		{DF494CA1-34AE-442A-9356-38354BDE4C7C}.Debug|iPhoneSimulator.ActiveCfg = Debug|Any CPU
		{DF494CA1-34AE-442A-9356-38354BDE4C7C}.Debug|iPhoneSimulator.Build.0 = Debug|Any CPU
		{DF494CA1-34AE-442A-9356-38354BDE4C7C}.Debug|iPhoneSimulator.Deploy.0 = Debug|Any CPU
		{DF494CA1-34AE-442A-9356-38354BDE4C7C}.Release|Any CPU.ActiveCfg = Release|Any CPU
		{DF494CA1-34AE-442A-9356-38354BDE4C7C}.Release|Any CPU.Build.0 = Release|Any CPU
		{DF494CA1-34AE-442A-9356-38354BDE4C7C}.Release|Any CPU.Deploy.0 = Release|Any CPU
		{DF494CA1-34AE-442A-9356-38354BDE4C7C}.Release|iPhone.ActiveCfg = Release|Any CPU
		{DF494CA1-34AE-442A-9356-38354BDE4C7C}.Release|iPhone.Build.0 = Release|Any CPU
		{DF494CA1-34AE-442A-9356-38354BDE4C7C}.Release|iPhone.Deploy.0 = Release|Any CPU
		{DF494CA1-34AE-442A-9356-38354BDE4C7C}.Release|iPhoneSimulator.ActiveCfg = Release|Any CPU
		{DF494CA1-34AE-442A-9356-38354BDE4C7C}.Release|iPhoneSimulator.Build.0 = Release|Any CPU
		{DF494CA1-34AE-442A-9356-38354BDE4C7C}.Release|iPhoneSimulator.Deploy.0 = Release|Any CPU
		{7C8D7B7A-1086-4E97-A7A0-2005280F792C}.Ad-Hoc|Any CPU.ActiveCfg = Ad-Hoc|iPhone
		{7C8D7B7A-1086-4E97-A7A0-2005280F792C}.Ad-Hoc|iPhone.ActiveCfg = Ad-Hoc|iPhone
		{7C8D7B7A-1086-4E97-A7A0-2005280F792C}.Ad-Hoc|iPhone.Build.0 = Ad-Hoc|iPhone
		{7C8D7B7A-1086-4E97-A7A0-2005280F792C}.Ad-Hoc|iPhoneSimulator.ActiveCfg = Ad-Hoc|iPhoneSimulator
		{7C8D7B7A-1086-4E97-A7A0-2005280F792C}.Ad-Hoc|iPhoneSimulator.Build.0 = Ad-Hoc|iPhoneSimulator
		{7C8D7B7A-1086-4E97-A7A0-2005280F792C}.AppStore|Any CPU.ActiveCfg = AppStore|iPhone
		{7C8D7B7A-1086-4E97-A7A0-2005280F792C}.AppStore|iPhone.ActiveCfg = AppStore|iPhone
		{7C8D7B7A-1086-4E97-A7A0-2005280F792C}.AppStore|iPhone.Build.0 = AppStore|iPhone
		{7C8D7B7A-1086-4E97-A7A0-2005280F792C}.AppStore|iPhoneSimulator.ActiveCfg = AppStore|iPhoneSimulator
		{7C8D7B7A-1086-4E97-A7A0-2005280F792C}.AppStore|iPhoneSimulator.Build.0 = AppStore|iPhoneSimulator
		{7C8D7B7A-1086-4E97-A7A0-2005280F792C}.Debug|Any CPU.ActiveCfg = Debug|iPhone
		{7C8D7B7A-1086-4E97-A7A0-2005280F792C}.Debug|iPhone.ActiveCfg = Debug|iPhoneSimulator
		{7C8D7B7A-1086-4E97-A7A0-2005280F792C}.Debug|iPhone.Build.0 = Debug|iPhoneSimulator
		{7C8D7B7A-1086-4E97-A7A0-2005280F792C}.Debug|iPhoneSimulator.ActiveCfg = Debug|iPhoneSimulator
		{7C8D7B7A-1086-4E97-A7A0-2005280F792C}.Debug|iPhoneSimulator.Build.0 = Debug|iPhoneSimulator
		{7C8D7B7A-1086-4E97-A7A0-2005280F792C}.Release|Any CPU.ActiveCfg = Release|iPhone
		{7C8D7B7A-1086-4E97-A7A0-2005280F792C}.Release|iPhone.ActiveCfg = Release|iPhone
		{7C8D7B7A-1086-4E97-A7A0-2005280F792C}.Release|iPhone.Build.0 = Release|iPhone
		{7C8D7B7A-1086-4E97-A7A0-2005280F792C}.Release|iPhoneSimulator.ActiveCfg = Release|iPhoneSimulator
		{7C8D7B7A-1086-4E97-A7A0-2005280F792C}.Release|iPhoneSimulator.Build.0 = Release|iPhoneSimulator
		{D46CDDD8-B8C0-46B3-BC67-FF8050BDEF05}.Ad-Hoc|Any CPU.ActiveCfg = Release|Any CPU
		{D46CDDD8-B8C0-46B3-BC67-FF8050BDEF05}.Ad-Hoc|Any CPU.Build.0 = Release|Any CPU
		{D46CDDD8-B8C0-46B3-BC67-FF8050BDEF05}.Ad-Hoc|iPhone.ActiveCfg = Release|Any CPU
		{D46CDDD8-B8C0-46B3-BC67-FF8050BDEF05}.Ad-Hoc|iPhone.Build.0 = Release|Any CPU
		{D46CDDD8-B8C0-46B3-BC67-FF8050BDEF05}.Ad-Hoc|iPhoneSimulator.ActiveCfg = Release|Any CPU
		{D46CDDD8-B8C0-46B3-BC67-FF8050BDEF05}.Ad-Hoc|iPhoneSimulator.Build.0 = Release|Any CPU
		{D46CDDD8-B8C0-46B3-BC67-FF8050BDEF05}.AppStore|Any CPU.ActiveCfg = Release|Any CPU
		{D46CDDD8-B8C0-46B3-BC67-FF8050BDEF05}.AppStore|Any CPU.Build.0 = Release|Any CPU
		{D46CDDD8-B8C0-46B3-BC67-FF8050BDEF05}.AppStore|iPhone.ActiveCfg = Release|Any CPU
		{D46CDDD8-B8C0-46B3-BC67-FF8050BDEF05}.AppStore|iPhone.Build.0 = Release|Any CPU
		{D46CDDD8-B8C0-46B3-BC67-FF8050BDEF05}.AppStore|iPhoneSimulator.ActiveCfg = Release|Any CPU
		{D46CDDD8-B8C0-46B3-BC67-FF8050BDEF05}.AppStore|iPhoneSimulator.Build.0 = Release|Any CPU
		{D46CDDD8-B8C0-46B3-BC67-FF8050BDEF05}.Debug|Any CPU.ActiveCfg = Debug|Any CPU
		{D46CDDD8-B8C0-46B3-BC67-FF8050BDEF05}.Debug|Any CPU.Build.0 = Debug|Any CPU
		{D46CDDD8-B8C0-46B3-BC67-FF8050BDEF05}.Debug|iPhone.ActiveCfg = Debug|Any CPU
		{D46CDDD8-B8C0-46B3-BC67-FF8050BDEF05}.Debug|iPhone.Build.0 = Debug|Any CPU
		{D46CDDD8-B8C0-46B3-BC67-FF8050BDEF05}.Debug|iPhoneSimulator.ActiveCfg = Debug|Any CPU
		{D46CDDD8-B8C0-46B3-BC67-FF8050BDEF05}.Debug|iPhoneSimulator.Build.0 = Debug|Any CPU
		{D46CDDD8-B8C0-46B3-BC67-FF8050BDEF05}.Release|Any CPU.ActiveCfg = Release|Any CPU
		{D46CDDD8-B8C0-46B3-BC67-FF8050BDEF05}.Release|Any CPU.Build.0 = Release|Any CPU
		{D46CDDD8-B8C0-46B3-BC67-FF8050BDEF05}.Release|iPhone.ActiveCfg = Release|Any CPU
		{D46CDDD8-B8C0-46B3-BC67-FF8050BDEF05}.Release|iPhone.Build.0 = Release|Any CPU
		{D46CDDD8-B8C0-46B3-BC67-FF8050BDEF05}.Release|iPhoneSimulator.ActiveCfg = Release|Any CPU
		{D46CDDD8-B8C0-46B3-BC67-FF8050BDEF05}.Release|iPhoneSimulator.Build.0 = Release|Any CPU
		{486977C4-C008-4E37-9401-68413D56B3A5}.Ad-Hoc|Any CPU.ActiveCfg = Release|Any CPU
		{486977C4-C008-4E37-9401-68413D56B3A5}.Ad-Hoc|Any CPU.Build.0 = Release|Any CPU
		{486977C4-C008-4E37-9401-68413D56B3A5}.Ad-Hoc|iPhone.ActiveCfg = Release|Any CPU
		{486977C4-C008-4E37-9401-68413D56B3A5}.Ad-Hoc|iPhone.Build.0 = Release|Any CPU
		{486977C4-C008-4E37-9401-68413D56B3A5}.Ad-Hoc|iPhoneSimulator.ActiveCfg = Release|Any CPU
		{486977C4-C008-4E37-9401-68413D56B3A5}.Ad-Hoc|iPhoneSimulator.Build.0 = Release|Any CPU
		{486977C4-C008-4E37-9401-68413D56B3A5}.AppStore|Any CPU.ActiveCfg = Release|Any CPU
		{486977C4-C008-4E37-9401-68413D56B3A5}.AppStore|Any CPU.Build.0 = Release|Any CPU
		{486977C4-C008-4E37-9401-68413D56B3A5}.AppStore|iPhone.ActiveCfg = Release|Any CPU
		{486977C4-C008-4E37-9401-68413D56B3A5}.AppStore|iPhone.Build.0 = Release|Any CPU
		{486977C4-C008-4E37-9401-68413D56B3A5}.AppStore|iPhoneSimulator.ActiveCfg = Release|Any CPU
		{486977C4-C008-4E37-9401-68413D56B3A5}.AppStore|iPhoneSimulator.Build.0 = Release|Any CPU
		{486977C4-C008-4E37-9401-68413D56B3A5}.Debug|Any CPU.ActiveCfg = Debug|Any CPU
		{486977C4-C008-4E37-9401-68413D56B3A5}.Debug|Any CPU.Build.0 = Debug|Any CPU
		{486977C4-C008-4E37-9401-68413D56B3A5}.Debug|iPhone.ActiveCfg = Debug|Any CPU
		{486977C4-C008-4E37-9401-68413D56B3A5}.Debug|iPhone.Build.0 = Debug|Any CPU
		{486977C4-C008-4E37-9401-68413D56B3A5}.Debug|iPhoneSimulator.ActiveCfg = Debug|Any CPU
		{486977C4-C008-4E37-9401-68413D56B3A5}.Debug|iPhoneSimulator.Build.0 = Debug|Any CPU
		{486977C4-C008-4E37-9401-68413D56B3A5}.Release|Any CPU.ActiveCfg = Release|Any CPU
		{486977C4-C008-4E37-9401-68413D56B3A5}.Release|Any CPU.Build.0 = Release|Any CPU
		{486977C4-C008-4E37-9401-68413D56B3A5}.Release|iPhone.ActiveCfg = Release|Any CPU
		{486977C4-C008-4E37-9401-68413D56B3A5}.Release|iPhone.Build.0 = Release|Any CPU
		{486977C4-C008-4E37-9401-68413D56B3A5}.Release|iPhoneSimulator.ActiveCfg = Release|Any CPU
		{486977C4-C008-4E37-9401-68413D56B3A5}.Release|iPhoneSimulator.Build.0 = Release|Any CPU
	EndGlobalSection
	GlobalSection(SolutionProperties) = preSolution
		HideSolutionNode = FALSE
	EndGlobalSection
EndGlobal
